
Microsoft Visual Studio Solution File, Format Version 12.00
# Visual Studio Version 17
VisualStudioVersion = 17.7.34031.279
MinimumVisualStudioVersion = 10.0.40219.1
Project("{8BC9CEB8-8B4A-11D0-8D11-00A0C91BC942}") = "solved.ac", "solved.ac\solved.ac.vcxproj", "{267EBB97-37B9-4817-B13E-19FE63B7FA6B}"
EndProject
Global
	GlobalSection(SolutionConfigurationPlatforms) = preSolution
		Debug|x64 = Debug|x64
		Debug|x86 = Debug|x86
		Release|x64 = Release|x64
		Release|x86 = Release|x86
	EndGlobalSection
	GlobalSection(ProjectConfigurationPlatforms) = postSolution
		{267EBB97-37B9-4817-B13E-19FE63B7FA6B}.Debug|x64.ActiveCfg = Debug|x64
		{267EBB97-37B9-4817-B13E-19FE63B7FA6B}.Debug|x64.Build.0 = Debug|x64
		{267EBB97-37B9-4817-B13E-19FE63B7FA6B}.Debug|x86.ActiveCfg = Debug|Win32
		{267EBB97-37B9-4817-B13E-19FE63B7FA6B}.Debug|x86.Build.0 = Debug|Win32
		{267EBB97-37B9-4817-B13E-19FE63B7FA6B}.Release|x64.ActiveCfg = Release|x64
		{267EBB97-37B9-4817-B13E-19FE63B7FA6B}.Release|x64.Build.0 = Release|x64
		{267EBB97-37B9-4817-B13E-19FE63B7FA6B}.Release|x86.ActiveCfg = Release|Win32
		{267EBB97-37B9-4817-B13E-19FE63B7FA6B}.Release|x86.Build.0 = Release|Win32
	EndGlobalSection
	GlobalSection(SolutionProperties) = preSolution
		HideSolutionNode = FALSE
	EndGlobalSection
	GlobalSection(ExtensibilityGlobals) = postSolution
		SolutionGuid = {17F216C7-5713-416B-8355-F91FBDF688DF}
	EndGlobalSection
EndGlobal
